// !$*UTF8*$!
{
	archiveVersion = 1;
	classes = {
	};
	objectVersion = 46;
	objects = {

/* Begin PBXBuildFile section */
		B166955719A267D800CD6EA2 /* Foundation.framework in Frameworks */ = {isa = PBXBuildFile; fileRef = B166955619A267D800CD6EA2 /* Foundation.framework */; };
		B166955919A267D800CD6EA2 /* CoreGraphics.framework in Frameworks */ = {isa = PBXBuildFile; fileRef = B166955819A267D800CD6EA2 /* CoreGraphics.framework */; };
		B166955B19A267D800CD6EA2 /* UIKit.framework in Frameworks */ = {isa = PBXBuildFile; fileRef = B166955A19A267D800CD6EA2 /* UIKit.framework */; };
		B166956119A267D800CD6EA2 /* InfoPlist.strings in Resources */ = {isa = PBXBuildFile; fileRef = B166955F19A267D800CD6EA2 /* InfoPlist.strings */; };
		B166956319A267D800CD6EA2 /* main.m in Sources */ = {isa = PBXBuildFile; fileRef = B166956219A267D800CD6EA2 /* main.m */; };
		B166956719A267D800CD6EA2 /* FanSiteAppDelegate.m in Sources */ = {isa = PBXBuildFile; fileRef = B166956619A267D800CD6EA2 /* FanSiteAppDelegate.m */; };
		B166956A19A267D800CD6EA2 /* Main.storyboard in Resources */ = {isa = PBXBuildFile; fileRef = B166956819A267D800CD6EA2 /* Main.storyboard */; };
		B166956F19A267D800CD6EA2 /* Images.xcassets in Resources */ = {isa = PBXBuildFile; fileRef = B166956E19A267D800CD6EA2 /* Images.xcassets */; };
		B166957619A267D800CD6EA2 /* XCTest.framework in Frameworks */ = {isa = PBXBuildFile; fileRef = B166957519A267D800CD6EA2 /* XCTest.framework */; };
		B166957719A267D800CD6EA2 /* Foundation.framework in Frameworks */ = {isa = PBXBuildFile; fileRef = B166955619A267D800CD6EA2 /* Foundation.framework */; };
		B166957819A267D800CD6EA2 /* UIKit.framework in Frameworks */ = {isa = PBXBuildFile; fileRef = B166955A19A267D800CD6EA2 /* UIKit.framework */; };
		B166958019A267D800CD6EA2 /* InfoPlist.strings in Resources */ = {isa = PBXBuildFile; fileRef = B166957E19A267D800CD6EA2 /* InfoPlist.strings */; };
		B166958219A267D800CD6EA2 /* FanSiteTests.m in Sources */ = {isa = PBXBuildFile; fileRef = B166958119A267D800CD6EA2 /* FanSiteTests.m */; };
		B17E7A7619A26B0000066AB4 /* FanSiteFeedTableViewController.m in Sources */ = {isa = PBXBuildFile; fileRef = B17E7A7519A26B0000066AB4 /* FanSiteFeedTableViewController.m */; };
		B17E7A7919A26B2500066AB4 /* FanSiteTweetsTableViewController.m in Sources */ = {isa = PBXBuildFile; fileRef = B17E7A7819A26B2500066AB4 /* FanSiteTweetsTableViewController.m */; };
		B17E7A7C19A26C0000066AB4 /* ArrayDataSource.m in Sources */ = {isa = PBXBuildFile; fileRef = B17E7A7B19A26C0000066AB4 /* ArrayDataSource.m */; };
		E44705FC90E145D38439FA96 /* libPods.a in Frameworks */ = {isa = PBXBuildFile; fileRef = C3A8FBB6C1A5425D943C5D96 /* libPods.a */; };
/* End PBXBuildFile section */

/* Begin PBXContainerItemProxy section */
		B166957919A267D800CD6EA2 /* PBXContainerItemProxy */ = {
			isa = PBXContainerItemProxy;
			containerPortal = B166954B19A267D800CD6EA2 /* Project object */;
			proxyType = 1;
			remoteGlobalIDString = B166955219A267D800CD6EA2;
			remoteInfo = FanSite;
		};
/* End PBXContainerItemProxy section */

/* Begin PBXFileReference section */
		34B81713F07642BE903B18D5 /* Pods.xcconfig */ = {isa = PBXFileReference; includeInIndex = 1; lastKnownFileType = text.xcconfig; name = Pods.xcconfig; path = Pods/Pods.xcconfig; sourceTree = "<group>"; };
		B166955319A267D800CD6EA2 /* FanSite.app */ = {isa = PBXFileReference; explicitFileType = wrapper.application; includeInIndex = 0; path = FanSite.app; sourceTree = BUILT_PRODUCTS_DIR; };
		B166955619A267D800CD6EA2 /* Foundation.framework */ = {isa = PBXFileReference; lastKnownFileType = wrapper.framework; name = Foundation.framework; path = System/Library/Frameworks/Foundation.framework; sourceTree = SDKROOT; };
		B166955819A267D800CD6EA2 /* CoreGraphics.framework */ = {isa = PBXFileReference; lastKnownFileType = wrapper.framework; name = CoreGraphics.framework; path = System/Library/Frameworks/CoreGraphics.framework; sourceTree = SDKROOT; };
		B166955A19A267D800CD6EA2 /* UIKit.framework */ = {isa = PBXFileReference; lastKnownFileType = wrapper.framework; name = UIKit.framework; path = System/Library/Frameworks/UIKit.framework; sourceTree = SDKROOT; };
		B166955E19A267D800CD6EA2 /* FanSite-Info.plist */ = {isa = PBXFileReference; lastKnownFileType = text.plist.xml; path = "FanSite-Info.plist"; sourceTree = "<group>"; };
		B166956019A267D800CD6EA2 /* en */ = {isa = PBXFileReference; lastKnownFileType = text.plist.strings; name = en; path = en.lproj/InfoPlist.strings; sourceTree = "<group>"; };
		B166956219A267D800CD6EA2 /* main.m */ = {isa = PBXFileReference; lastKnownFileType = sourcecode.c.objc; path = main.m; sourceTree = "<group>"; };
		B166956419A267D800CD6EA2 /* FanSite-Prefix.pch */ = {isa = PBXFileReference; lastKnownFileType = sourcecode.c.h; path = "FanSite-Prefix.pch"; sourceTree = "<group>"; };
		B166956519A267D800CD6EA2 /* FanSiteAppDelegate.h */ = {isa = PBXFileReference; lastKnownFileType = sourcecode.c.h; path = FanSiteAppDelegate.h; sourceTree = "<group>"; };
		B166956619A267D800CD6EA2 /* FanSiteAppDelegate.m */ = {isa = PBXFileReference; lastKnownFileType = sourcecode.c.objc; path = FanSiteAppDelegate.m; sourceTree = "<group>"; };
		B166956919A267D800CD6EA2 /* Base */ = {isa = PBXFileReference; lastKnownFileType = file.storyboard; name = Base; path = Base.lproj/Main.storyboard; sourceTree = "<group>"; };
		B166956E19A267D800CD6EA2 /* Images.xcassets */ = {isa = PBXFileReference; lastKnownFileType = folder.assetcatalog; path = Images.xcassets; sourceTree = "<group>"; };
		B166957419A267D800CD6EA2 /* FanSiteTests.xctest */ = {isa = PBXFileReference; explicitFileType = wrapper.cfbundle; includeInIndex = 0; path = FanSiteTests.xctest; sourceTree = BUILT_PRODUCTS_DIR; };
		B166957519A267D800CD6EA2 /* XCTest.framework */ = {isa = PBXFileReference; lastKnownFileType = wrapper.framework; name = XCTest.framework; path = Library/Frameworks/XCTest.framework; sourceTree = DEVELOPER_DIR; };
		B166957D19A267D800CD6EA2 /* FanSiteTests-Info.plist */ = {isa = PBXFileReference; lastKnownFileType = text.plist.xml; path = "FanSiteTests-Info.plist"; sourceTree = "<group>"; };
		B166957F19A267D800CD6EA2 /* en */ = {isa = PBXFileReference; lastKnownFileType = text.plist.strings; name = en; path = en.lproj/InfoPlist.strings; sourceTree = "<group>"; };
		B166958119A267D800CD6EA2 /* FanSiteTests.m */ = {isa = PBXFileReference; lastKnownFileType = sourcecode.c.objc; path = FanSiteTests.m; sourceTree = "<group>"; };
		B17E7A7419A26B0000066AB4 /* FanSiteFeedTableViewController.h */ = {isa = PBXFileReference; fileEncoding = 4; lastKnownFileType = sourcecode.c.h; path = FanSiteFeedTableViewController.h; sourceTree = "<group>"; };
		B17E7A7519A26B0000066AB4 /* FanSiteFeedTableViewController.m */ = {isa = PBXFileReference; fileEncoding = 4; lastKnownFileType = sourcecode.c.objc; path = FanSiteFeedTableViewController.m; sourceTree = "<group>"; };
		B17E7A7719A26B2500066AB4 /* FanSiteTweetsTableViewController.h */ = {isa = PBXFileReference; fileEncoding = 4; lastKnownFileType = sourcecode.c.h; path = FanSiteTweetsTableViewController.h; sourceTree = "<group>"; };
		B17E7A7819A26B2500066AB4 /* FanSiteTweetsTableViewController.m */ = {isa = PBXFileReference; fileEncoding = 4; lastKnownFileType = sourcecode.c.objc; path = FanSiteTweetsTableViewController.m; sourceTree = "<group>"; };
		B17E7A7A19A26C0000066AB4 /* ArrayDataSource.h */ = {isa = PBXFileReference; fileEncoding = 4; lastKnownFileType = sourcecode.c.h; path = ArrayDataSource.h; sourceTree = "<group>"; };
		B17E7A7B19A26C0000066AB4 /* ArrayDataSource.m */ = {isa = PBXFileReference; fileEncoding = 4; lastKnownFileType = sourcecode.c.objc; path = ArrayDataSource.m; sourceTree = "<group>"; };
		C3A8FBB6C1A5425D943C5D96 /* libPods.a */ = {isa = PBXFileReference; explicitFileType = archive.ar; includeInIndex = 0; path = libPods.a; sourceTree = BUILT_PRODUCTS_DIR; };
/* End PBXFileReference section */

/* Begin PBXFrameworksBuildPhase section */
		B166955019A267D800CD6EA2 /* Frameworks */ = {
			isa = PBXFrameworksBuildPhase;
			buildActionMask = 2147483647;
			files = (
				B166955919A267D800CD6EA2 /* CoreGraphics.framework in Frameworks */,
				B166955B19A267D800CD6EA2 /* UIKit.framework in Frameworks */,
				B166955719A267D800CD6EA2 /* Foundation.framework in Frameworks */,
				E44705FC90E145D38439FA96 /* libPods.a in Frameworks */,
			);
			runOnlyForDeploymentPostprocessing = 0;
		};
		B166957119A267D800CD6EA2 /* Frameworks */ = {
			isa = PBXFrameworksBuildPhase;
			buildActionMask = 2147483647;
			files = (
				B166957619A267D800CD6EA2 /* XCTest.framework in Frameworks */,
				B166957819A267D800CD6EA2 /* UIKit.framework in Frameworks */,
				B166957719A267D800CD6EA2 /* Foundation.framework in Frameworks */,
			);
			runOnlyForDeploymentPostprocessing = 0;
		};
/* End PBXFrameworksBuildPhase section */

/* Begin PBXGroup section */
		B166954A19A267D800CD6EA2 = {
			isa = PBXGroup;
			children = (
				B166955C19A267D800CD6EA2 /* FanSite */,
				B166957B19A267D800CD6EA2 /* FanSiteTests */,
				B166955519A267D800CD6EA2 /* Frameworks */,
				B166955419A267D800CD6EA2 /* Products */,
				34B81713F07642BE903B18D5 /* Pods.xcconfig */,
			);
			sourceTree = "<group>";
		};
		B166955419A267D800CD6EA2 /* Products */ = {
			isa = PBXGroup;
			children = (
				B166955319A267D800CD6EA2 /* FanSite.app */,
				B166957419A267D800CD6EA2 /* FanSiteTests.xctest */,
			);
			name = Products;
			sourceTree = "<group>";
		};
		B166955519A267D800CD6EA2 /* Frameworks */ = {
			isa = PBXGroup;
			children = (
				B166955619A267D800CD6EA2 /* Foundation.framework */,
				B166955819A267D800CD6EA2 /* CoreGraphics.framework */,
				B166955A19A267D800CD6EA2 /* UIKit.framework */,
				B166957519A267D800CD6EA2 /* XCTest.framework */,
				C3A8FBB6C1A5425D943C5D96 /* libPods.a */,
			);
			name = Frameworks;
			sourceTree = "<group>";
		};
		B166955C19A267D800CD6EA2 /* FanSite */ = {
			isa = PBXGroup;
			children = (
				B166956519A267D800CD6EA2 /* FanSiteAppDelegate.h */,
				B166956619A267D800CD6EA2 /* FanSiteAppDelegate.m */,
				B166958B19A267F500CD6EA2 /* View */,
				B166958C19A267FC00CD6EA2 /* Controller */,
				B166956E19A267D800CD6EA2 /* Images.xcassets */,
				B166955D19A267D800CD6EA2 /* Supporting Files */,
			);
			path = FanSite;
			sourceTree = "<group>";
		};
		B166955D19A267D800CD6EA2 /* Supporting Files */ = {
			isa = PBXGroup;
			children = (
				B166955E19A267D800CD6EA2 /* FanSite-Info.plist */,
				B166955F19A267D800CD6EA2 /* InfoPlist.strings */,
				B166956219A267D800CD6EA2 /* main.m */,
				B166956419A267D800CD6EA2 /* FanSite-Prefix.pch */,
			);
			name = "Supporting Files";
			sourceTree = "<group>";
		};
		B166957B19A267D800CD6EA2 /* FanSiteTests */ = {
			isa = PBXGroup;
			children = (
				B166958119A267D800CD6EA2 /* FanSiteTests.m */,
				B166957C19A267D800CD6EA2 /* Supporting Files */,
			);
			path = FanSiteTests;
			sourceTree = "<group>";
		};
		B166957C19A267D800CD6EA2 /* Supporting Files */ = {
			isa = PBXGroup;
			children = (
				B166957D19A267D800CD6EA2 /* FanSiteTests-Info.plist */,
				B166957E19A267D800CD6EA2 /* InfoPlist.strings */,
			);
			name = "Supporting Files";
			sourceTree = "<group>";
		};
		B166958B19A267F500CD6EA2 /* View */ = {
			isa = PBXGroup;
			children = (
				B166956819A267D800CD6EA2 /* Main.storyboard */,
			);
			name = View;
			sourceTree = "<group>";
		};
		B166958C19A267FC00CD6EA2 /* Controller */ = {
			isa = PBXGroup;
			children = (
				B17E7A7D19A26D3D00066AB4 /* Data Sources */,
				B17E7A7419A26B0000066AB4 /* FanSiteFeedTableViewController.h */,
				B17E7A7519A26B0000066AB4 /* FanSiteFeedTableViewController.m */,
				B17E7A7719A26B2500066AB4 /* FanSiteTweetsTableViewController.h */,
				B17E7A7819A26B2500066AB4 /* FanSiteTweetsTableViewController.m */,
			);
			name = Controller;
			sourceTree = "<group>";
		};
		B17E7A7D19A26D3D00066AB4 /* Data Sources */ = {
			isa = PBXGroup;
			children = (
				B17E7A7A19A26C0000066AB4 /* ArrayDataSource.h */,
				B17E7A7B19A26C0000066AB4 /* ArrayDataSource.m */,
			);
			name = "Data Sources";
			sourceTree = "<group>";
		};
/* End PBXGroup section */

/* Begin PBXNativeTarget section */
		B166955219A267D800CD6EA2 /* FanSite */ = {
			isa = PBXNativeTarget;
			buildConfigurationList = B166958519A267D800CD6EA2 /* Build configuration list for PBXNativeTarget "FanSite" */;
			buildPhases = (
				7C1E3655C7EE42AD9CB59A7D /* Check Pods Manifest.lock */,
				B166954F19A267D800CD6EA2 /* Sources */,
				B166955019A267D800CD6EA2 /* Frameworks */,
				B166955119A267D800CD6EA2 /* Resources */,
				B83B4B24FC0D4B2A8B8FE7DC /* Copy Pods Resources */,
			);
			buildRules = (
			);
			dependencies = (
			);
			name = FanSite;
			productName = FanSite;
			productReference = B166955319A267D800CD6EA2 /* FanSite.app */;
			productType = "com.apple.product-type.application";
		};
		B166957319A267D800CD6EA2 /* FanSiteTests */ = {
			isa = PBXNativeTarget;
			buildConfigurationList = B166958819A267D800CD6EA2 /* Build configuration list for PBXNativeTarget "FanSiteTests" */;
			buildPhases = (
				B166957019A267D800CD6EA2 /* Sources */,
				B166957119A267D800CD6EA2 /* Frameworks */,
				B166957219A267D800CD6EA2 /* Resources */,
			);
			buildRules = (
			);
			dependencies = (
				B166957A19A267D800CD6EA2 /* PBXTargetDependency */,
			);
			name = FanSiteTests;
			productName = FanSiteTests;
			productReference = B166957419A267D800CD6EA2 /* FanSiteTests.xctest */;
			productType = "com.apple.product-type.bundle.unit-test";
		};
/* End PBXNativeTarget section */

/* Begin PBXProject section */
		B166954B19A267D800CD6EA2 /* Project object */ = {
			isa = PBXProject;
			attributes = {
				CLASSPREFIX = FanSite;
				LastUpgradeCheck = 0510;
				ORGANIZATIONNAME = "Phil Nichols";
				TargetAttributes = {
					B166957319A267D800CD6EA2 = {
						TestTargetID = B166955219A267D800CD6EA2;
					};
				};
			};
			buildConfigurationList = B166954E19A267D800CD6EA2 /* Build configuration list for PBXProject "FanSite" */;
			compatibilityVersion = "Xcode 3.2";
			developmentRegion = English;
			hasScannedForEncodings = 0;
			knownRegions = (
				en,
				Base,
			);
			mainGroup = B166954A19A267D800CD6EA2;
			productRefGroup = B166955419A267D800CD6EA2 /* Products */;
			projectDirPath = "";
			projectRoot = "";
			targets = (
				B166955219A267D800CD6EA2 /* FanSite */,
				B166957319A267D800CD6EA2 /* FanSiteTests */,
			);
		};
/* End PBXProject section */

/* Begin PBXResourcesBuildPhase section */
		B166955119A267D800CD6EA2 /* Resources */ = {
			isa = PBXResourcesBuildPhase;
			buildActionMask = 2147483647;
			files = (
				B166956F19A267D800CD6EA2 /* Images.xcassets in Resources */,
				B166956119A267D800CD6EA2 /* InfoPlist.strings in Resources */,
				B166956A19A267D800CD6EA2 /* Main.storyboard in Resources */,
			);
			runOnlyForDeploymentPostprocessing = 0;
		};
		B166957219A267D800CD6EA2 /* Resources */ = {
			isa = PBXResourcesBuildPhase;
			buildActionMask = 2147483647;
			files = (
				B166958019A267D800CD6EA2 /* InfoPlist.strings in Resources */,
			);
			runOnlyForDeploymentPostprocessing = 0;
		};
/* End PBXResourcesBuildPhase section */

/* Begin PBXShellScriptBuildPhase section */
		7C1E3655C7EE42AD9CB59A7D /* Check Pods Manifest.lock */ = {
			isa = PBXShellScriptBuildPhase;
			buildActionMask = 2147483647;
			files = (
			);
			inputPaths = (
			);
			name = "Check Pods Manifest.lock";
			outputPaths = (
			);
			runOnlyForDeploymentPostprocessing = 0;
			shellPath = /bin/sh;
			shellScript = "diff \"${PODS_ROOT}/../Podfile.lock\" \"${PODS_ROOT}/Manifest.lock\" > /dev/null\nif [[ $? != 0 ]] ; then\n    cat << EOM\nerror: The sandbox is not in sync with the Podfile.lock. Run 'pod install' or update your CocoaPods installation.\nEOM\n    exit 1\nfi\n";
			showEnvVarsInLog = 0;
		};
		B83B4B24FC0D4B2A8B8FE7DC /* Copy Pods Resources */ = {
			isa = PBXShellScriptBuildPhase;
			buildActionMask = 2147483647;
			files = (
			);
			inputPaths = (
			);
			name = "Copy Pods Resources";
			outputPaths = (
			);
			runOnlyForDeploymentPostprocessing = 0;
			shellPath = /bin/sh;
			shellScript = "\"${SRCROOT}/Pods/Pods-resources.sh\"\n";
			showEnvVarsInLog = 0;
		};
/* End PBXShellScriptBuildPhase section */

/* Begin PBXSourcesBuildPhase section */
		B166954F19A267D800CD6EA2 /* Sources */ = {
			isa = PBXSourcesBuildPhase;
			buildActionMask = 2147483647;
			files = (
				B17E7A7619A26B0000066AB4 /* FanSiteFeedTableViewController.m in Sources */,
				B166956319A267D800CD6EA2 /* main.m in Sources */,
				B17E7A7919A26B2500066AB4 /* FanSiteTweetsTableViewController.m in Sources */,
				B17E7A7C19A26C0000066AB4 /* ArrayDataSource.m in Sources */,
				B166956719A267D800CD6EA2 /* FanSiteAppDelegate.m in Sources */,
			);
			runOnlyForDeploymentPostprocessing = 0;
		};
		B166957019A267D800CD6EA2 /* Sources */ = {
			isa = PBXSourcesBuildPhase;
			buildActionMask = 2147483647;
			files = (
				B166958219A267D800CD6EA2 /* FanSiteTests.m in Sources */,
			);
			runOnlyForDeploymentPostprocessing = 0;
		};
/* End PBXSourcesBuildPhase section */

/* Begin PBXTargetDependency section */
		B166957A19A267D800CD6EA2 /* PBXTargetDependency */ = {
			isa = PBXTargetDependency;
			target = B166955219A267D800CD6EA2 /* FanSite */;
			targetProxy = B166957919A267D800CD6EA2 /* PBXContainerItemProxy */;
		};
/* End PBXTargetDependency section */

/* Begin PBXVariantGroup section */
		B166955F19A267D800CD6EA2 /* InfoPlist.strings */ = {
			isa = PBXVariantGroup;
			children = (
				B166956019A267D800CD6EA2 /* en */,
			);
			name = InfoPlist.strings;
			sourceTree = "<group>";
		};
		B166956819A267D800CD6EA2 /* Main.storyboard */ = {
			isa = PBXVariantGroup;
			children = (
				B166956919A267D800CD6EA2 /* Base */,
			);
			name = Main.storyboard;
			sourceTree = "<group>";
		};
		B166957E19A267D800CD6EA2 /* InfoPlist.strings */ = {
			isa = PBXVariantGroup;
			children = (
				B166957F19A267D800CD6EA2 /* en */,
			);
			name = InfoPlist.strings;
			sourceTree = "<group>";
		};
/* End PBXVariantGroup section */

/* Begin XCBuildConfiguration section */
		B166958319A267D800CD6EA2 /* Debug */ = {
			isa = XCBuildConfiguration;
			buildSettings = {
				ALWAYS_SEARCH_USER_PATHS = NO;
				CLANG_CXX_LANGUAGE_STANDARD = "gnu++0x";
				CLANG_CXX_LIBRARY = "libc++";
				CLANG_ENABLE_MODULES = YES;
				CLANG_ENABLE_OBJC_ARC = YES;
				CLANG_WARN_BOOL_CONVERSION = YES;
				CLANG_WARN_CONSTANT_CONVERSION = YES;
				CLANG_WARN_DIRECT_OBJC_ISA_USAGE = YES_ERROR;
				CLANG_WARN_EMPTY_BODY = YES;
				CLANG_WARN_ENUM_CONVERSION = YES;
				CLANG_WARN_INT_CONVERSION = YES;
				CLANG_WARN_OBJC_ROOT_CLASS = YES_ERROR;
				CLANG_WARN__DUPLICATE_METHOD_MATCH = YES;
				"CODE_SIGN_IDENTITY[sdk=iphoneos*]" = "iPhone Developer";
				COPY_PHASE_STRIP = NO;
				GCC_C_LANGUAGE_STANDARD = gnu99;
				GCC_DYNAMIC_NO_PIC = NO;
				GCC_OPTIMIZATION_LEVEL = 0;
				GCC_PREPROCESSOR_DEFINITIONS = (
					"DEBUG=1",
					"$(inherited)",
				);
				GCC_SYMBOLS_PRIVATE_EXTERN = NO;
				GCC_WARN_64_TO_32_BIT_CONVERSION = YES;
				GCC_WARN_ABOUT_RETURN_TYPE = YES_ERROR;
				GCC_WARN_UNDECLARED_SELECTOR = YES;
				GCC_WARN_UNINITIALIZED_AUTOS = YES_AGGRESSIVE;
				GCC_WARN_UNUSED_FUNCTION = YES;
				GCC_WARN_UNUSED_VARIABLE = YES;
				IPHONEOS_DEPLOYMENT_TARGET = 7.1;
				ONLY_ACTIVE_ARCH = YES;
				SDKROOT = iphoneos;
			};
			name = Debug;
		};
		B166958419A267D800CD6EA2 /* Release */ = {
			isa = XCBuildConfiguration;
			buildSettings = {
				ALWAYS_SEARCH_USER_PATHS = NO;
				CLANG_CXX_LANGUAGE_STANDARD = "gnu++0x";
				CLANG_CXX_LIBRARY = "libc++";
				CLANG_ENABLE_MODULES = YES;
				CLANG_ENABLE_OBJC_ARC = YES;
				CLANG_WARN_BOOL_CONVERSION = YES;
				CLANG_WARN_CONSTANT_CONVERSION = YES;
				CLANG_WARN_DIRECT_OBJC_ISA_USAGE = YES_ERROR;
				CLANG_WARN_EMPTY_BODY = YES;
				CLANG_WARN_ENUM_CONVERSION = YES;
				CLANG_WARN_INT_CONVERSION = YES;
				CLANG_WARN_OBJC_ROOT_CLASS = YES_ERROR;
				CLANG_WARN__DUPLICATE_METHOD_MATCH = YES;
				"CODE_SIGN_IDENTITY[sdk=iphoneos*]" = "iPhone Developer";
				COPY_PHASE_STRIP = YES;
				ENABLE_NS_ASSERTIONS = NO;
				GCC_C_LANGUAGE_STANDARD = gnu99;
				GCC_WARN_64_TO_32_BIT_CONVERSION = YES;
				GCC_WARN_ABOUT_RETURN_TYPE = YES_ERROR;
				GCC_WARN_UNDECLARED_SELECTOR = YES;
				GCC_WARN_UNINITIALIZED_AUTOS = YES_AGGRESSIVE;
				GCC_WARN_UNUSED_FUNCTION = YES;
				GCC_WARN_UNUSED_VARIABLE = YES;
				IPHONEOS_DEPLOYMENT_TARGET = 7.1;
				SDKROOT = iphoneos;
				VALIDATE_PRODUCT = YES;
			};
			name = Release;
		};
		B166958619A267D800CD6EA2 /* Debug */ = {
			isa = XCBuildConfiguration;
			baseConfigurationReference = 34B81713F07642BE903B18D5 /* Pods.xcconfig */;
			buildSettings = {
				ASSETCATALOG_COMPILER_APPICON_NAME = AppIcon;
				ASSETCATALOG_COMPILER_LAUNCHIMAGE_NAME = LaunchImage;
				GCC_PRECOMPILE_PREFIX_HEADER = YES;
				GCC_PREFIX_HEADER = "FanSite/FanSite-Prefix.pch";
				INFOPLIST_FILE = "FanSite/FanSite-Info.plist";
				PRODUCT_NAME = "$(TARGET_NAME)";
				WRAPPER_EXTENSION = app;
			};
			name = Debug;
		};
		B166958719A267D800CD6EA2 /* Release */ = {
			isa = XCBuildConfiguration;
			baseConfigurationReference = 34B81713F07642BE903B18D5 /* Pods.xcconfig */;
			buildSettings = {
				ASSETCATALOG_COMPILER_APPICON_NAME = AppIcon;
				ASSETCATALOG_COMPILER_LAUNCHIMAGE_NAME = LaunchImage;
				GCC_PRECOMPILE_PREFIX_HEADER = YES;
				GCC_PREFIX_HEADER = "FanSite/FanSite-Prefix.pch";
				INFOPLIST_FILE = "FanSite/FanSite-Info.plist";
				PRODUCT_NAME = "$(TARGET_NAME)";
				WRAPPER_EXTENSION = app;
			};
			name = Release;
		};
		B166958919A267D800CD6EA2 /* Debug */ = {
			isa = XCBuildConfiguration;
			buildSettings = {
				BUNDLE_LOADER = "$(BUILT_PRODUCTS_DIR)/FanSite.app/FanSite";
				FRAMEWORK_SEARCH_PATHS = (
					"$(SDKROOT)/Developer/Library/Frameworks",
					"$(inherited)",
					"$(DEVELOPER_FRAMEWORKS_DIR)",
				);
				GCC_PRECOMPILE_PREFIX_HEADER = YES;
				GCC_PREFIX_HEADER = "FanSite/FanSite-Prefix.pch";
				GCC_PREPROCESSOR_DEFINITIONS = (
					"DEBUG=1",
					"$(inherited)",
				);
				INFOPLIST_FILE = "FanSiteTests/FanSiteTests-Info.plist";
				PRODUCT_NAME = "$(TARGET_NAME)";
				TEST_HOST = "$(BUNDLE_LOADER)";
				WRAPPER_EXTENSION = xctest;
			};
			name = Debug;
		};
		B166958A19A267D800CD6EA2 /* Release */ = {
			isa = XCBuildConfiguration;
			buildSettings = {
				BUNDLE_LOADER = "$(BUILT_PRODUCTS_DIR)/FanSite.app/FanSite";
				FRAMEWORK_SEARCH_PATHS = (
					"$(SDKROOT)/Developer/Library/Frameworks",
					"$(inherited)",
					"$(DEVELOPER_FRAMEWORKS_DIR)",
				);
				GCC_PRECOMPILE_PREFIX_HEADER = YES;
				GCC_PREFIX_HEADER = "FanSite/FanSite-Prefix.pch";
				INFOPLIST_FILE = "FanSiteTests/FanSiteTests-Info.plist";
				PRODUCT_NAME = "$(TARGET_NAME)";
				TEST_HOST = "$(BUNDLE_LOADER)";
				WRAPPER_EXTENSION = xctest;
			};
			name = Release;
		};
/* End XCBuildConfiguration section */

/* Begin XCConfigurationList section */
		B166954E19A267D800CD6EA2 /* Build configuration list for PBXProject "FanSite" */ = {
			isa = XCConfigurationList;
			buildConfigurations = (
				B166958319A267D800CD6EA2 /* Debug */,
				B166958419A267D800CD6EA2 /* Release */,
			);
			defaultConfigurationIsVisible = 0;
			defaultConfigurationName = Release;
		};
		B166958519A267D800CD6EA2 /* Build configuration list for PBXNativeTarget "FanSite" */ = {
			isa = XCConfigurationList;
			buildConfigurations = (
				B166958619A267D800CD6EA2 /* Debug */,
				B166958719A267D800CD6EA2 /* Release */,
			);
			defaultConfigurationIsVisible = 0;
			defaultConfigurationName = Release;
		};
		B166958819A267D800CD6EA2 /* Build configuration list for PBXNativeTarget "FanSiteTests" */ = {
			isa = XCConfigurationList;
			buildConfigurations = (
				B166958919A267D800CD6EA2 /* Debug */,
				B166958A19A267D800CD6EA2 /* Release */,
			);
			defaultConfigurationIsVisible = 0;
			defaultConfigurationName = Release;
		};
/* End XCConfigurationList section */
	};
	rootObject = B166954B19A267D800CD6EA2 /* Project object */;
}
